
Microsoft Visual Studio Solution File, Format Version 12.00
# Visual Studio Version 16
VisualStudioVersion = 16.0.30413.136
MinimumVisualStudioVersion = 10.0.40219.1
Project("{FAE04EC0-301F-11D3-BF4B-00C04F79EFBC}") = "VStorage", "VStorage\VStorage.csproj", "{32DF05A2-1654-4D99-B464-70C4C38049DA}"
EndProject
Project("{FAE04EC0-301F-11D3-BF4B-00C04F79EFBC}") = "VSTest", "VSTest\VSTest.csproj", "{BB6BB9DE-BEEA-4C15-BF47-75D256262370}"
EndProject
Project("{FAE04EC0-301F-11D3-BF4B-00C04F79EFBC}") = "VSUILIB", "VSUILib\VSUILIB.csproj", "{0C4994B1-1782-48B6-856F-560A0807A980}"
EndProject
Project("{FAE04EC0-301F-11D3-BF4B-00C04F79EFBC}") = "VSUtil", "VSUtil\VSUtil.csproj", "{50A0AA3F-B084-4AE0-AE56-B413A84DB619}"
EndProject
Project("{FAE04EC0-301F-11D3-BF4B-00C04F79EFBC}") = "VXML", "VXML\VXML.csproj", "{E23943D6-F91F-4994-B896-5795C44EF3FA}"
EndProject
Project("{FAE04EC0-301F-11D3-BF4B-00C04F79EFBC}") = "VXmlExplorer", "VXmlExplorer\VXmlExplorer.csproj", "{4923299C-47F8-4DDE-8DC9-7C428A441C3A}"
EndProject
Project("{FAE04EC0-301F-11D3-BF4B-00C04F79EFBC}") = "VStorageExplorer", "VStorageExplorer\VStorageExplorer.csproj", "{6B393711-9C3F-42B1-BAA3-37938E122CAC}"
EndProject
Global
	GlobalSection(SolutionConfigurationPlatforms) = preSolution
		CD_ROM|Any CPU = CD_ROM|Any CPU
		Debug|Any CPU = Debug|Any CPU
		DVD-5|Any CPU = DVD-5|Any CPU
		Release|Any CPU = Release|Any CPU
		SingleImage|Any CPU = SingleImage|Any CPU
	EndGlobalSection
	GlobalSection(ProjectConfigurationPlatforms) = postSolution
		{32DF05A2-1654-4D99-B464-70C4C38049DA}.CD_ROM|Any CPU.ActiveCfg = Release|Any CPU
		{32DF05A2-1654-4D99-B464-70C4C38049DA}.CD_ROM|Any CPU.Build.0 = Release|Any CPU
		{32DF05A2-1654-4D99-B464-70C4C38049DA}.Debug|Any CPU.ActiveCfg = Debug|Any CPU
		{32DF05A2-1654-4D99-B464-70C4C38049DA}.Debug|Any CPU.Build.0 = Debug|Any CPU
		{32DF05A2-1654-4D99-B464-70C4C38049DA}.DVD-5|Any CPU.ActiveCfg = Debug|Any CPU
		{32DF05A2-1654-4D99-B464-70C4C38049DA}.DVD-5|Any CPU.Build.0 = Debug|Any CPU
		{32DF05A2-1654-4D99-B464-70C4C38049DA}.Release|Any CPU.ActiveCfg = Release|Any CPU
		{32DF05A2-1654-4D99-B464-70C4C38049DA}.Release|Any CPU.Build.0 = Release|Any CPU
		{32DF05A2-1654-4D99-B464-70C4C38049DA}.SingleImage|Any CPU.ActiveCfg = Release|Any CPU
		{32DF05A2-1654-4D99-B464-70C4C38049DA}.SingleImage|Any CPU.Build.0 = Release|Any CPU
		{BB6BB9DE-BEEA-4C15-BF47-75D256262370}.CD_ROM|Any CPU.ActiveCfg = Release|Any CPU
		{BB6BB9DE-BEEA-4C15-BF47-75D256262370}.CD_ROM|Any CPU.Build.0 = Release|Any CPU
		{BB6BB9DE-BEEA-4C15-BF47-75D256262370}.Debug|Any CPU.ActiveCfg = Debug|Any CPU
		{BB6BB9DE-BEEA-4C15-BF47-75D256262370}.Debug|Any CPU.Build.0 = Debug|Any CPU
		{BB6BB9DE-BEEA-4C15-BF47-75D256262370}.DVD-5|Any CPU.ActiveCfg = Debug|Any CPU
		{BB6BB9DE-BEEA-4C15-BF47-75D256262370}.DVD-5|Any CPU.Build.0 = Debug|Any CPU
		{BB6BB9DE-BEEA-4C15-BF47-75D256262370}.Release|Any CPU.ActiveCfg = Release|Any CPU
		{BB6BB9DE-BEEA-4C15-BF47-75D256262370}.Release|Any CPU.Build.0 = Release|Any CPU
		{BB6BB9DE-BEEA-4C15-BF47-75D256262370}.SingleImage|Any CPU.ActiveCfg = Release|Any CPU
		{BB6BB9DE-BEEA-4C15-BF47-75D256262370}.SingleImage|Any CPU.Build.0 = Release|Any CPU
		{0C4994B1-1782-48B6-856F-560A0807A980}.CD_ROM|Any CPU.ActiveCfg = Release|Any CPU
		{0C4994B1-1782-48B6-856F-560A0807A980}.CD_ROM|Any CPU.Build.0 = Release|Any CPU
		{0C4994B1-1782-48B6-856F-560A0807A980}.Debug|Any CPU.ActiveCfg = Debug|Any CPU
		{0C4994B1-1782-48B6-856F-560A0807A980}.Debug|Any CPU.Build.0 = Debug|Any CPU
		{0C4994B1-1782-48B6-856F-560A0807A980}.DVD-5|Any CPU.ActiveCfg = Debug|Any CPU
		{0C4994B1-1782-48B6-856F-560A0807A980}.DVD-5|Any CPU.Build.0 = Debug|Any CPU
		{0C4994B1-1782-48B6-856F-560A0807A980}.Release|Any CPU.ActiveCfg = Release|Any CPU
		{0C4994B1-1782-48B6-856F-560A0807A980}.Release|Any CPU.Build.0 = Release|Any CPU
		{0C4994B1-1782-48B6-856F-560A0807A980}.SingleImage|Any CPU.ActiveCfg = Release|Any CPU
		{0C4994B1-1782-48B6-856F-560A0807A980}.SingleImage|Any CPU.Build.0 = Release|Any CPU
		{50A0AA3F-B084-4AE0-AE56-B413A84DB619}.CD_ROM|Any CPU.ActiveCfg = Release|Any CPU
		{50A0AA3F-B084-4AE0-AE56-B413A84DB619}.CD_ROM|Any CPU.Build.0 = Release|Any CPU
		{50A0AA3F-B084-4AE0-AE56-B413A84DB619}.Debug|Any CPU.ActiveCfg = Debug|Any CPU
		{50A0AA3F-B084-4AE0-AE56-B413A84DB619}.Debug|Any CPU.Build.0 = Debug|Any CPU
		{50A0AA3F-B084-4AE0-AE56-B413A84DB619}.DVD-5|Any CPU.ActiveCfg = Debug|Any CPU
		{50A0AA3F-B084-4AE0-AE56-B413A84DB619}.DVD-5|Any CPU.Build.0 = Debug|Any CPU
		{50A0AA3F-B084-4AE0-AE56-B413A84DB619}.Release|Any CPU.ActiveCfg = Release|Any CPU
		{50A0AA3F-B084-4AE0-AE56-B413A84DB619}.Release|Any CPU.Build.0 = Release|Any CPU
		{50A0AA3F-B084-4AE0-AE56-B413A84DB619}.SingleImage|Any CPU.ActiveCfg = Release|Any CPU
		{50A0AA3F-B084-4AE0-AE56-B413A84DB619}.SingleImage|Any CPU.Build.0 = Release|Any CPU
		{E23943D6-F91F-4994-B896-5795C44EF3FA}.CD_ROM|Any CPU.ActiveCfg = Release|Any CPU
		{E23943D6-F91F-4994-B896-5795C44EF3FA}.CD_ROM|Any CPU.Build.0 = Release|Any CPU
		{E23943D6-F91F-4994-B896-5795C44EF3FA}.Debug|Any CPU.ActiveCfg = Debug|Any CPU
		{E23943D6-F91F-4994-B896-5795C44EF3FA}.Debug|Any CPU.Build.0 = Debug|Any CPU
		{E23943D6-F91F-4994-B896-5795C44EF3FA}.DVD-5|Any CPU.ActiveCfg = Debug|Any CPU
		{E23943D6-F91F-4994-B896-5795C44EF3FA}.DVD-5|Any CPU.Build.0 = Debug|Any CPU
		{E23943D6-F91F-4994-B896-5795C44EF3FA}.Release|Any CPU.ActiveCfg = Release|Any CPU
		{E23943D6-F91F-4994-B896-5795C44EF3FA}.Release|Any CPU.Build.0 = Release|Any CPU
		{E23943D6-F91F-4994-B896-5795C44EF3FA}.SingleImage|Any CPU.ActiveCfg = Release|Any CPU
		{E23943D6-F91F-4994-B896-5795C44EF3FA}.SingleImage|Any CPU.Build.0 = Release|Any CPU
		{4923299C-47F8-4DDE-8DC9-7C428A441C3A}.CD_ROM|Any CPU.ActiveCfg = Release|Any CPU
		{4923299C-47F8-4DDE-8DC9-7C428A441C3A}.CD_ROM|Any CPU.Build.0 = Release|Any CPU
		{4923299C-47F8-4DDE-8DC9-7C428A441C3A}.Debug|Any CPU.ActiveCfg = Debug|Any CPU
		{4923299C-47F8-4DDE-8DC9-7C428A441C3A}.Debug|Any CPU.Build.0 = Debug|Any CPU
		{4923299C-47F8-4DDE-8DC9-7C428A441C3A}.DVD-5|Any CPU.ActiveCfg = Debug|Any CPU
		{4923299C-47F8-4DDE-8DC9-7C428A441C3A}.DVD-5|Any CPU.Build.0 = Debug|Any CPU
		{4923299C-47F8-4DDE-8DC9-7C428A441C3A}.Release|Any CPU.ActiveCfg = Release|Any CPU
		{4923299C-47F8-4DDE-8DC9-7C428A441C3A}.Release|Any CPU.Build.0 = Release|Any CPU
		{4923299C-47F8-4DDE-8DC9-7C428A441C3A}.SingleImage|Any CPU.ActiveCfg = Release|Any CPU
		{4923299C-47F8-4DDE-8DC9-7C428A441C3A}.SingleImage|Any CPU.Build.0 = Release|Any CPU
		{6B393711-9C3F-42B1-BAA3-37938E122CAC}.CD_ROM|Any CPU.ActiveCfg = Release|Any CPU
		{6B393711-9C3F-42B1-BAA3-37938E122CAC}.CD_ROM|Any CPU.Build.0 = Release|Any CPU
		{6B393711-9C3F-42B1-BAA3-37938E122CAC}.Debug|Any CPU.ActiveCfg = Debug|Any CPU
		{6B393711-9C3F-42B1-BAA3-37938E122CAC}.Debug|Any CPU.Build.0 = Debug|Any CPU
		{6B393711-9C3F-42B1-BAA3-37938E122CAC}.DVD-5|Any CPU.ActiveCfg = Debug|Any CPU
		{6B393711-9C3F-42B1-BAA3-37938E122CAC}.DVD-5|Any CPU.Build.0 = Debug|Any CPU
		{6B393711-9C3F-42B1-BAA3-37938E122CAC}.Release|Any CPU.ActiveCfg = Release|Any CPU
		{6B393711-9C3F-42B1-BAA3-37938E122CAC}.Release|Any CPU.Build.0 = Release|Any CPU
		{6B393711-9C3F-42B1-BAA3-37938E122CAC}.SingleImage|Any CPU.ActiveCfg = Release|Any CPU
		{6B393711-9C3F-42B1-BAA3-37938E122CAC}.SingleImage|Any CPU.Build.0 = Release|Any CPU
	EndGlobalSection
	GlobalSection(SolutionProperties) = preSolution
		HideSolutionNode = FALSE
	EndGlobalSection
	GlobalSection(ExtensibilityGlobals) = postSolution
		SolutionGuid = {891BBD42-D27C-4AB5-A812-AAB9A7C7AD10}
	EndGlobalSection
EndGlobal
